
Microsoft Visual Studio Solution File, Format Version 12.00
# Visual Studio Version 17
VisualStudioVersion = 17.3.32825.248
MinimumVisualStudioVersion = 10.0.40219.1
Project("{FAE04EC0-301F-11D3-BF4B-00C04F79EFBC}") = "Labb3-Threads", "Labb3-Threads.csproj", "{A464E879-586C-4854-89B4-C378D2BF41DE}"
EndProject
Global
	GlobalSection(SolutionConfigurationPlatforms) = preSolution
		Debug|Any CPU = Debug|Any CPU
		Release|Any CPU = Release|Any CPU
	EndGlobalSection
	GlobalSection(ProjectConfigurationPlatforms) = postSolution
		{A464E879-586C-4854-89B4-C378D2BF41DE}.Debug|Any CPU.ActiveCfg = Debug|Any CPU
		{A464E879-586C-4854-89B4-C378D2BF41DE}.Debug|Any CPU.Build.0 = Debug|Any CPU
		{A464E879-586C-4854-89B4-C378D2BF41DE}.Release|Any CPU.ActiveCfg = Release|Any CPU
		{A464E879-586C-4854-89B4-C378D2BF41DE}.Release|Any CPU.Build.0 = Release|Any CPU
	EndGlobalSection
	GlobalSection(SolutionProperties) = preSolution
		HideSolutionNode = FALSE
	EndGlobalSection
	GlobalSection(ExtensibilityGlobals) = postSolution
		SolutionGuid = {69A26B52-72CC-43E3-B84D-3C5855F42DB0}
	EndGlobalSection
EndGlobal
